
Microsoft Visual Studio Solution File, Format Version 12.00
# Visual Studio Version 17
VisualStudioVersion = 17.5.33414.496
MinimumVisualStudioVersion = 10.0.40219.1
Project("{9A19103F-16F7-4668-BE54-9A1E7A4F7556}") = "AzNews", "AzNews\AzNews.csproj", "{56A77FAD-3F97-4A16-9C98-69854C1DF593}"
EndProject
Project("{9A19103F-16F7-4668-BE54-9A1E7A4F7556}") = "EntityLayer", "EntityLayer\EntityLayer.csproj", "{5E75B0E5-AE76-4143-8B9E-72C585566015}"
EndProject
Project("{FAE04EC0-301F-11D3-BF4B-00C04F79EFBC}") = "CoreLayer", "CoreLayer\CoreLayer.csproj", "{59D849A0-A3AD-407E-88FB-2AAEC6453229}"
EndProject
Project("{FAE04EC0-301F-11D3-BF4B-00C04F79EFBC}") = "DataAccessLayer", "DataAccessLayer\DataAccessLayer.csproj", "{5999478B-D6AB-4501-8C91-F6E987E403CC}"
EndProject
Project("{FAE04EC0-301F-11D3-BF4B-00C04F79EFBC}") = "BusinessLayer", "BusinessLayer\BusinessLayer.csproj", "{8C1BFF7E-3896-4EB0-994B-970218E71E2E}"
EndProject
Global
	GlobalSection(SolutionConfigurationPlatforms) = preSolution
		Debug|Any CPU = Debug|Any CPU
		Release|Any CPU = Release|Any CPU
	EndGlobalSection
	GlobalSection(ProjectConfigurationPlatforms) = postSolution
		{56A77FAD-3F97-4A16-9C98-69854C1DF593}.Debug|Any CPU.ActiveCfg = Debug|Any CPU
		{56A77FAD-3F97-4A16-9C98-69854C1DF593}.Debug|Any CPU.Build.0 = Debug|Any CPU
		{56A77FAD-3F97-4A16-9C98-69854C1DF593}.Release|Any CPU.ActiveCfg = Release|Any CPU
		{56A77FAD-3F97-4A16-9C98-69854C1DF593}.Release|Any CPU.Build.0 = Release|Any CPU
		{5E75B0E5-AE76-4143-8B9E-72C585566015}.Debug|Any CPU.ActiveCfg = Debug|Any CPU
		{5E75B0E5-AE76-4143-8B9E-72C585566015}.Debug|Any CPU.Build.0 = Debug|Any CPU
		{5E75B0E5-AE76-4143-8B9E-72C585566015}.Release|Any CPU.ActiveCfg = Release|Any CPU
		{5E75B0E5-AE76-4143-8B9E-72C585566015}.Release|Any CPU.Build.0 = Release|Any CPU
		{59D849A0-A3AD-407E-88FB-2AAEC6453229}.Debug|Any CPU.ActiveCfg = Debug|Any CPU
		{59D849A0-A3AD-407E-88FB-2AAEC6453229}.Debug|Any CPU.Build.0 = Debug|Any CPU
		{59D849A0-A3AD-407E-88FB-2AAEC6453229}.Release|Any CPU.ActiveCfg = Release|Any CPU
		{59D849A0-A3AD-407E-88FB-2AAEC6453229}.Release|Any CPU.Build.0 = Release|Any CPU
		{5999478B-D6AB-4501-8C91-F6E987E403CC}.Debug|Any CPU.ActiveCfg = Debug|Any CPU
		{5999478B-D6AB-4501-8C91-F6E987E403CC}.Debug|Any CPU.Build.0 = Debug|Any CPU
		{5999478B-D6AB-4501-8C91-F6E987E403CC}.Release|Any CPU.ActiveCfg = Release|Any CPU
		{5999478B-D6AB-4501-8C91-F6E987E403CC}.Release|Any CPU.Build.0 = Release|Any CPU
		{8C1BFF7E-3896-4EB0-994B-970218E71E2E}.Debug|Any CPU.ActiveCfg = Debug|Any CPU
		{8C1BFF7E-3896-4EB0-994B-970218E71E2E}.Debug|Any CPU.Build.0 = Debug|Any CPU
		{8C1BFF7E-3896-4EB0-994B-970218E71E2E}.Release|Any CPU.ActiveCfg = Release|Any CPU
		{8C1BFF7E-3896-4EB0-994B-970218E71E2E}.Release|Any CPU.Build.0 = Release|Any CPU
	EndGlobalSection
	GlobalSection(SolutionProperties) = preSolution
		HideSolutionNode = FALSE
	EndGlobalSection
	GlobalSection(ExtensibilityGlobals) = postSolution
		SolutionGuid = {AFA19B40-33B4-4CA9-8150-A3EB9ED86FDC}
	EndGlobalSection
EndGlobal
